{
  "object": {
    "pins": [
      {
        "package": "HandySwift",
        "repositoryURL": "https://github.com/Flinesoft/HandySwift.git",
        "state": {
          "branch": null,
          "revision": "f736ec0ab264269cd4df91d6a685b4c78292cd76",
          "version": "2.8.0"
        }
      },
      {
        "package": "SwiftCLI",
        "repositoryURL": "https://github.com/jakeheis/SwiftCLI.git",
        "state": {
          "branch": null,
          "revision": "5318c37d3cacc8780f50b87a8840a6774320ebdf",
          "version": "5.2.2"
        }
      }
    ]
  },
  "version": 1
}
